// !$*UTF8*$!
{
	archiveVersion = 1;
	classes = {
	};
	objectVersion = 46;
	objects = {

/* Begin PBXBuildFile section */
		D45D5A71BAACAA71F276D82F /* Pods_LocationPractice.framework in Frameworks */ = {isa = PBXBuildFile; fileRef = 20442B01A450FD55C65DE4AE /* Pods_LocationPractice.framework */; };
		D55458641E287A400024376E /* Constants.swift in Sources */ = {isa = PBXBuildFile; fileRef = D55458631E287A400024376E /* Constants.swift */; };
		D55458661E287B330024376E /* Weather.swift in Sources */ = {isa = PBXBuildFile; fileRef = D55458651E287B330024376E /* Weather.swift */; };
		D5D6B8211E2871280009B50C /* AppDelegate.swift in Sources */ = {isa = PBXBuildFile; fileRef = D5D6B8201E2871280009B50C /* AppDelegate.swift */; };
		D5D6B8231E2871280009B50C /* LocationViewController.swift in Sources */ = {isa = PBXBuildFile; fileRef = D5D6B8221E2871280009B50C /* LocationViewController.swift */; };
		D5D6B8261E2871280009B50C /* Main.storyboard in Resources */ = {isa = PBXBuildFile; fileRef = D5D6B8241E2871280009B50C /* Main.storyboard */; };
		D5D6B8281E2871280009B50C /* Assets.xcassets in Resources */ = {isa = PBXBuildFile; fileRef = D5D6B8271E2871280009B50C /* Assets.xcassets */; };
		D5D6B82B1E2871280009B50C /* LaunchScreen.storyboard in Resources */ = {isa = PBXBuildFile; fileRef = D5D6B8291E2871280009B50C /* LaunchScreen.storyboard */; };
/* End PBXBuildFile section */

/* Begin PBXFileReference section */
		20442B01A450FD55C65DE4AE /* Pods_LocationPractice.framework */ = {isa = PBXFileReference; explicitFileType = wrapper.framework; includeInIndex = 0; path = Pods_LocationPractice.framework; sourceTree = BUILT_PRODUCTS_DIR; };
		7501555DFFD6FFF418B37D73 /* Pods-LocationPractice.release.xcconfig */ = {isa = PBXFileReference; includeInIndex = 1; lastKnownFileType = text.xcconfig; name = "Pods-LocationPractice.release.xcconfig"; path = "Pods/Target Support Files/Pods-LocationPractice/Pods-LocationPractice.release.xcconfig"; sourceTree = "<group>"; };
		A7769CBBFA8DE8626027834D /* Pods-LocationPractice.debug.xcconfig */ = {isa = PBXFileReference; includeInIndex = 1; lastKnownFileType = text.xcconfig; name = "Pods-LocationPractice.debug.xcconfig"; path = "Pods/Target Support Files/Pods-LocationPractice/Pods-LocationPractice.debug.xcconfig"; sourceTree = "<group>"; };
		D55458631E287A400024376E /* Constants.swift */ = {isa = PBXFileReference; fileEncoding = 4; lastKnownFileType = sourcecode.swift; path = Constants.swift; sourceTree = "<group>"; };
		D55458651E287B330024376E /* Weather.swift */ = {isa = PBXFileReference; fileEncoding = 4; lastKnownFileType = sourcecode.swift; path = Weather.swift; sourceTree = "<group>"; };
		D5D6B81D1E2871280009B50C /* LocationPractice.app */ = {isa = PBXFileReference; explicitFileType = wrapper.application; includeInIndex = 0; path = LocationPractice.app; sourceTree = BUILT_PRODUCTS_DIR; };
		D5D6B8201E2871280009B50C /* AppDelegate.swift */ = {isa = PBXFileReference; lastKnownFileType = sourcecode.swift; path = AppDelegate.swift; sourceTree = "<group>"; };
		D5D6B8221E2871280009B50C /* LocationViewController.swift */ = {isa = PBXFileReference; lastKnownFileType = sourcecode.swift; path = LocationViewController.swift; sourceTree = "<group>"; };
		D5D6B8251E2871280009B50C /* Base */ = {isa = PBXFileReference; lastKnownFileType = file.storyboard; name = Base; path = Base.lproj/Main.storyboard; sourceTree = "<group>"; };
		D5D6B8271E2871280009B50C /* Assets.xcassets */ = {isa = PBXFileReference; lastKnownFileType = folder.assetcatalog; path = Assets.xcassets; sourceTree = "<group>"; };
		D5D6B82A1E2871280009B50C /* Base */ = {isa = PBXFileReference; lastKnownFileType = file.storyboard; name = Base; path = Base.lproj/LaunchScreen.storyboard; sourceTree = "<group>"; };
		D5D6B82C1E2871280009B50C /* Info.plist */ = {isa = PBXFileReference; lastKnownFileType = text.plist.xml; path = Info.plist; sourceTree = "<group>"; };
/* End PBXFileReference section */

/* Begin PBXFrameworksBuildPhase section */
		D5D6B81A1E2871280009B50C /* Frameworks */ = {
			isa = PBXFrameworksBuildPhase;
			buildActionMask = 2147483647;
			files = (
				D45D5A71BAACAA71F276D82F /* Pods_LocationPractice.framework in Frameworks */,
			);
			runOnlyForDeploymentPostprocessing = 0;
		};
/* End PBXFrameworksBuildPhase section */

/* Begin PBXGroup section */
		9523038B4EFA4500C3E0705D /* Pods */ = {
			isa = PBXGroup;
			children = (
				A7769CBBFA8DE8626027834D /* Pods-LocationPractice.debug.xcconfig */,
				7501555DFFD6FFF418B37D73 /* Pods-LocationPractice.release.xcconfig */,
			);
			name = Pods;
			sourceTree = "<group>";
		};
		C78D6C27BC9FA30B2705298B /* Frameworks */ = {
			isa = PBXGroup;
			children = (
				20442B01A450FD55C65DE4AE /* Pods_LocationPractice.framework */,
			);
			name = Frameworks;
			sourceTree = "<group>";
		};
		D5D6B8141E2871270009B50C = {
			isa = PBXGroup;
			children = (
				D5D6B81F1E2871280009B50C /* LocationPractice */,
				D5D6B81E1E2871280009B50C /* Products */,
				9523038B4EFA4500C3E0705D /* Pods */,
				C78D6C27BC9FA30B2705298B /* Frameworks */,
			);
			sourceTree = "<group>";
		};
		D5D6B81E1E2871280009B50C /* Products */ = {
			isa = PBXGroup;
			children = (
				D5D6B81D1E2871280009B50C /* LocationPractice.app */,
			);
			name = Products;
			sourceTree = "<group>";
		};
		D5D6B81F1E2871280009B50C /* LocationPractice */ = {
			isa = PBXGroup;
			children = (
				D5D6B8241E2871280009B50C /* Main.storyboard */,
				D5D6B8351E28714F0009B50C /* Modal */,
				D5D6B8341E28714A0009B50C /* View */,
				D5D6B8331E2871410009B50C /* Controller */,
				D5D6B8321E2871380009B50C /* Supporting Files */,
			);
			path = LocationPractice;
			sourceTree = "<group>";
		};
		D5D6B8321E2871380009B50C /* Supporting Files */ = {
			isa = PBXGroup;
			children = (
				D5D6B8201E2871280009B50C /* AppDelegate.swift */,
				D5D6B8271E2871280009B50C /* Assets.xcassets */,
				D5D6B8291E2871280009B50C /* LaunchScreen.storyboard */,
				D5D6B82C1E2871280009B50C /* Info.plist */,
			);
			name = "Supporting Files";
			sourceTree = "<group>";
		};
		D5D6B8331E2871410009B50C /* Controller */ = {
			isa = PBXGroup;
			children = (
				D5D6B8221E2871280009B50C /* LocationViewController.swift */,
			);
			name = Controller;
			sourceTree = "<group>";
		};
		D5D6B8341E28714A0009B50C /* View */ = {
			isa = PBXGroup;
			children = (
			);
			name = View;
			sourceTree = "<group>";
		};
		D5D6B8351E28714F0009B50C /* Modal */ = {
			isa = PBXGroup;
			children = (
				D55458631E287A400024376E /* Constants.swift */,
				D55458651E287B330024376E /* Weather.swift */,
			);
			name = Modal;
			sourceTree = "<group>";
		};
/* End PBXGroup section */

/* Begin PBXNativeTarget section */
		D5D6B81C1E2871280009B50C /* LocationPractice */ = {
			isa = PBXNativeTarget;
			buildConfigurationList = D5D6B82F1E2871280009B50C /* Build configuration list for PBXNativeTarget "LocationPractice" */;
			buildPhases = (
				4A2EA4E2B102ED73140D4A13 /* [CP] Check Pods Manifest.lock */,
				D5D6B8191E2871280009B50C /* Sources */,
				D5D6B81A1E2871280009B50C /* Frameworks */,
				D5D6B81B1E2871280009B50C /* Resources */,
				F63E3FC6C76C61506B4894AC /* [CP] Embed Pods Frameworks */,
				6AFC7882001F254105105EA5 /* [CP] Copy Pods Resources */,
			);
			buildRules = (
			);
			dependencies = (
			);
			name = LocationPractice;
			productName = LocationPractice;
			productReference = D5D6B81D1E2871280009B50C /* LocationPractice.app */;
			productType = "com.apple.product-type.application";
		};
/* End PBXNativeTarget section */

/* Begin PBXProject section */
		D5D6B8151E2871280009B50C /* Project object */ = {
			isa = PBXProject;
			attributes = {
				LastSwiftUpdateCheck = 0820;
				LastUpgradeCheck = 0820;
				ORGANIZATIONNAME = "Younoussa Ousmane Abdou";
				TargetAttributes = {
					D5D6B81C1E2871280009B50C = {
						CreatedOnToolsVersion = 8.2.1;
						DevelopmentTeam = 7HAUD8EZY3;
						ProvisioningStyle = Automatic;
					};
				};
			};
			buildConfigurationList = D5D6B8181E2871280009B50C /* Build configuration list for PBXProject "LocationPractice" */;
			compatibilityVersion = "Xcode 3.2";
			developmentRegion = English;
			hasScannedForEncodings = 0;
			knownRegions = (
				en,
				Base,
			);
			mainGroup = D5D6B8141E2871270009B50C;
			productRefGroup = D5D6B81E1E2871280009B50C /* Products */;
			projectDirPath = "";
			projectRoot = "";
			targets = (
				D5D6B81C1E2871280009B50C /* LocationPractice */,
			);
		};
/* End PBXProject section */

/* Begin PBXResourcesBuildPhase section */
		D5D6B81B1E2871280009B50C /* Resources */ = {
			isa = PBXResourcesBuildPhase;
			buildActionMask = 2147483647;
			files = (
				D5D6B82B1E2871280009B50C /* LaunchScreen.storyboard in Resources */,
				D5D6B8281E2871280009B50C /* Assets.xcassets in Resources */,
				D5D6B8261E2871280009B50C /* Main.storyboard in Resources */,
			);
			runOnlyForDeploymentPostprocessing = 0;
		};
/* End PBXResourcesBuildPhase section */

/* Begin PBXShellScriptBuildPhase section */
		4A2EA4E2B102ED73140D4A13 /* [CP] Check Pods Manifest.lock */ = {
			isa = PBXShellScriptBuildPhase;
			buildActionMask = 2147483647;
			files = (
			);
			inputPaths = (
			);
			name = "[CP] Check Pods Manifest.lock";
			outputPaths = (
			);
			runOnlyForDeploymentPostprocessing = 0;
			shellPath = /bin/sh;
			shellScript = "diff \"${PODS_ROOT}/../Podfile.lock\" \"${PODS_ROOT}/Manifest.lock\" > /dev/null\nif [ $? != 0 ] ; then\n    # print error to STDERR\n    echo \"error: The sandbox is not in sync with the Podfile.lock. Run 'pod install' or update your CocoaPods installation.\" >&2\n    exit 1\nfi\n";
			showEnvVarsInLog = 0;
		};
		6AFC7882001F254105105EA5 /* [CP] Copy Pods Resources */ = {
			isa = PBXShellScriptBuildPhase;
			buildActionMask = 2147483647;
			files = (
			);
			inputPaths = (
			);
			name = "[CP] Copy Pods Resources";
			outputPaths = (
			);
			runOnlyForDeploymentPostprocessing = 0;
			shellPath = /bin/sh;
			shellScript = "\"${SRCROOT}/Pods/Target Support Files/Pods-LocationPractice/Pods-LocationPractice-resources.sh\"\n";
			showEnvVarsInLog = 0;
		};
		F63E3FC6C76C61506B4894AC /* [CP] Embed Pods Frameworks */ = {
			isa = PBXShellScriptBuildPhase;
			buildActionMask = 2147483647;
			files = (
			);
			inputPaths = (
			);
			name = "[CP] Embed Pods Frameworks";
			outputPaths = (
			);
			runOnlyForDeploymentPostprocessing = 0;
			shellPath = /bin/sh;
			shellScript = "\"${SRCROOT}/Pods/Target Support Files/Pods-LocationPractice/Pods-LocationPractice-frameworks.sh\"\n";
			showEnvVarsInLog = 0;
		};
/* End PBXShellScriptBuildPhase section */

/* Begin PBXSourcesBuildPhase section */
		D5D6B8191E2871280009B50C /* Sources */ = {
			isa = PBXSourcesBuildPhase;
			buildActionMask = 2147483647;
			files = (
				D55458661E287B330024376E /* Weather.swift in Sources */,
				D5D6B8231E2871280009B50C /* LocationViewController.swift in Sources */,
				D5D6B8211E2871280009B50C /* AppDelegate.swift in Sources */,
				D55458641E287A400024376E /* Constants.swift in Sources */,
			);
			runOnlyForDeploymentPostprocessing = 0;
		};
/* End PBXSourcesBuildPhase section */

/* Begin PBXVariantGroup section */
		D5D6B8241E2871280009B50C /* Main.storyboard */ = {
			isa = PBXVariantGroup;
			children = (
				D5D6B8251E2871280009B50C /* Base */,
			);
			name = Main.storyboard;
			sourceTree = "<group>";
		};
		D5D6B8291E2871280009B50C /* LaunchScreen.storyboard */ = {
			isa = PBXVariantGroup;
			children = (
				D5D6B82A1E2871280009B50C /* Base */,
			);
			name = LaunchScreen.storyboard;
			sourceTree = "<group>";
		};
/* End PBXVariantGroup section */

/* Begin XCBuildConfiguration section */
		D5D6B82D1E2871280009B50C /* Debug */ = {
			isa = XCBuildConfiguration;
			buildSettings = {
				ALWAYS_SEARCH_USER_PATHS = NO;
				CLANG_ANALYZER_NONNULL = YES;
				CLANG_CXX_LANGUAGE_STANDARD = "gnu++0x";
				CLANG_CXX_LIBRARY = "libc++";
				CLANG_ENABLE_MODULES = YES;
				CLANG_ENABLE_OBJC_ARC = YES;
				CLANG_WARN_BOOL_CONVERSION = YES;
				CLANG_WARN_CONSTANT_CONVERSION = YES;
				CLANG_WARN_DIRECT_OBJC_ISA_USAGE = YES_ERROR;
				CLANG_WARN_DOCUMENTATION_COMMENTS = YES;
				CLANG_WARN_EMPTY_BODY = YES;
				CLANG_WARN_ENUM_CONVERSION = YES;
				CLANG_WARN_INFINITE_RECURSION = YES;
				CLANG_WARN_INT_CONVERSION = YES;
				CLANG_WARN_OBJC_ROOT_CLASS = YES_ERROR;
				CLANG_WARN_SUSPICIOUS_MOVE = YES;
				CLANG_WARN_UNREACHABLE_CODE = YES;
				CLANG_WARN__DUPLICATE_METHOD_MATCH = YES;
				"CODE_SIGN_IDENTITY[sdk=iphoneos*]" = "iPhone Developer";
				COPY_PHASE_STRIP = NO;
				DEBUG_INFORMATION_FORMAT = dwarf;
				ENABLE_STRICT_OBJC_MSGSEND = YES;
				ENABLE_TESTABILITY = YES;
				GCC_C_LANGUAGE_STANDARD = gnu99;
				GCC_DYNAMIC_NO_PIC = NO;
				GCC_NO_COMMON_BLOCKS = YES;
				GCC_OPTIMIZATION_LEVEL = 0;
				GCC_PREPROCESSOR_DEFINITIONS = (
					"DEBUG=1",
					"$(inherited)",
				);
				GCC_WARN_64_TO_32_BIT_CONVERSION = YES;
				GCC_WARN_ABOUT_RETURN_TYPE = YES_ERROR;
				GCC_WARN_UNDECLARED_SELECTOR = YES;
				GCC_WARN_UNINITIALIZED_AUTOS = YES_AGGRESSIVE;
				GCC_WARN_UNUSED_FUNCTION = YES;
				GCC_WARN_UNUSED_VARIABLE = YES;
				IPHONEOS_DEPLOYMENT_TARGET = 10.2;
				MTL_ENABLE_DEBUG_INFO = YES;
				ONLY_ACTIVE_ARCH = YES;
				SDKROOT = iphoneos;
				SWIFT_ACTIVE_COMPILATION_CONDITIONS = DEBUG;
				SWIFT_OPTIMIZATION_LEVEL = "-Onone";
				TARGETED_DEVICE_FAMILY = "1,2";
			};
			name = Debug;
		};
		D5D6B82E1E2871280009B50C /* Release */ = {
			isa = XCBuildConfiguration;
			buildSettings = {
				ALWAYS_SEARCH_USER_PATHS = NO;
				CLANG_ANALYZER_NONNULL = YES;
				CLANG_CXX_LANGUAGE_STANDARD = "gnu++0x";
				CLANG_CXX_LIBRARY = "libc++";
				CLANG_ENABLE_MODULES = YES;
				CLANG_ENABLE_OBJC_ARC = YES;
				CLANG_WARN_BOOL_CONVERSION = YES;
				CLANG_WARN_CONSTANT_CONVERSION = YES;
				CLANG_WARN_DIRECT_OBJC_ISA_USAGE = YES_ERROR;
				CLANG_WARN_DOCUMENTATION_COMMENTS = YES;
				CLANG_WARN_EMPTY_BODY = YES;
				CLANG_WARN_ENUM_CONVERSION = YES;
				CLANG_WARN_INFINITE_RECURSION = YES;
				CLANG_WARN_INT_CONVERSION = YES;
				CLANG_WARN_OBJC_ROOT_CLASS = YES_ERROR;
				CLANG_WARN_SUSPICIOUS_MOVE = YES;
				CLANG_WARN_UNREACHABLE_CODE = YES;
				CLANG_WARN__DUPLICATE_METHOD_MATCH = YES;
				"CODE_SIGN_IDENTITY[sdk=iphoneos*]" = "iPhone Developer";
				COPY_PHASE_STRIP = NO;
				DEBUG_INFORMATION_FORMAT = "dwarf-with-dsym";
				ENABLE_NS_ASSERTIONS = NO;
				ENABLE_STRICT_OBJC_MSGSEND = YES;
				GCC_C_LANGUAGE_STANDARD = gnu99;
				GCC_NO_COMMON_BLOCKS = YES;
				GCC_WARN_64_TO_32_BIT_CONVERSION = YES;
				GCC_WARN_ABOUT_RETURN_TYPE = YES_ERROR;
				GCC_WARN_UNDECLARED_SELECTOR = YES;
				GCC_WARN_UNINITIALIZED_AUTOS = YES_AGGRESSIVE;
				GCC_WARN_UNUSED_FUNCTION = YES;
				GCC_WARN_UNUSED_VARIABLE = YES;
				IPHONEOS_DEPLOYMENT_TARGET = 10.2;
				MTL_ENABLE_DEBUG_INFO = NO;
				SDKROOT = iphoneos;
				SWIFT_OPTIMIZATION_LEVEL = "-Owholemodule";
				TARGETED_DEVICE_FAMILY = "1,2";
				VALIDATE_PRODUCT = YES;
			};
			name = Release;
		};
		D5D6B8301E2871280009B50C /* Debug */ = {
			isa = XCBuildConfiguration;
			baseConfigurationReference = A7769CBBFA8DE8626027834D /* Pods-LocationPractice.debug.xcconfig */;
			buildSettings = {
				ASSETCATALOG_COMPILER_APPICON_NAME = AppIcon;
				DEVELOPMENT_TEAM = 7HAUD8EZY3;
				INFOPLIST_FILE = LocationPractice/Info.plist;
				LD_RUNPATH_SEARCH_PATHS = "$(inherited) @executable_path/Frameworks";
				PRODUCT_BUNDLE_IDENTIFIER = com.yuso.LocationPractice;
				PRODUCT_NAME = "$(TARGET_NAME)";
				SWIFT_VERSION = 3.0;
			};
			name = Debug;
		};
		D5D6B8311E2871280009B50C /* Release */ = {
			isa = XCBuildConfiguration;
			baseConfigurationReference = 7501555DFFD6FFF418B37D73 /* Pods-LocationPractice.release.xcconfig */;
			buildSettings = {
				ASSETCATALOG_COMPILER_APPICON_NAME = AppIcon;
				DEVELOPMENT_TEAM = 7HAUD8EZY3;
				INFOPLIST_FILE = LocationPractice/Info.plist;
				LD_RUNPATH_SEARCH_PATHS = "$(inherited) @executable_path/Frameworks";
				PRODUCT_BUNDLE_IDENTIFIER = com.yuso.LocationPractice;
				PRODUCT_NAME = "$(TARGET_NAME)";
				SWIFT_VERSION = 3.0;
			};
			name = Release;
		};
/* End XCBuildConfiguration section */

/* Begin XCConfigurationList section */
		D5D6B8181E2871280009B50C /* Build configuration list for PBXProject "LocationPractice" */ = {
			isa = XCConfigurationList;
			buildConfigurations = (
				D5D6B82D1E2871280009B50C /* Debug */,
				D5D6B82E1E2871280009B50C /* Release */,
			);
			defaultConfigurationIsVisible = 0;
			defaultConfigurationName = Release;
		};
		D5D6B82F1E2871280009B50C /* Build configuration list for PBXNativeTarget "LocationPractice" */ = {
			isa = XCConfigurationList;
			buildConfigurations = (
				D5D6B8301E2871280009B50C /* Debug */,
				D5D6B8311E2871280009B50C /* Release */,
			);
			defaultConfigurationIsVisible = 0;
			defaultConfigurationName = Release;
		};
/* End XCConfigurationList section */
	};
	rootObject = D5D6B8151E2871280009B50C /* Project object */;
}
